
Microsoft Visual Studio Solution File, Format Version 12.00
# Visual Studio Version 16
VisualStudioVersion = 16.0.29324.140
MinimumVisualStudioVersion = 10.0.40219.1
Project("{FAE04EC0-301F-11D3-BF4B-00C04F79EFBC}") = "TribalWars", "TribalWars\TribalWars.csproj", "{E9D0266F-9635-45C5-BD67-028EF6EB8456}"
EndProject
Project("{2150E333-8FDC-42A3-9474-1A3956D46DE8}") = "Modules", "Modules", "{35BA812E-8247-4BD5-AC2D-FF3230DCFE2D}"
EndProject
Project("{FAE04EC0-301F-11D3-BF4B-00C04F79EFBC}") = "UnitsRepository", "UnitsRepository\UnitsRepository.csproj", "{4F1AF860-63EA-41B2-9C46-E0D10C6C5DAB}"
EndProject
Global
	GlobalSection(SolutionConfigurationPlatforms) = preSolution
		Debug|Any CPU = Debug|Any CPU
		Release|Any CPU = Release|Any CPU
	EndGlobalSection
	GlobalSection(ProjectConfigurationPlatforms) = postSolution
		{E9D0266F-9635-45C5-BD67-028EF6EB8456}.Debug|Any CPU.ActiveCfg = Debug|Any CPU
		{E9D0266F-9635-45C5-BD67-028EF6EB8456}.Debug|Any CPU.Build.0 = Debug|Any CPU
		{E9D0266F-9635-45C5-BD67-028EF6EB8456}.Release|Any CPU.ActiveCfg = Release|Any CPU
		{E9D0266F-9635-45C5-BD67-028EF6EB8456}.Release|Any CPU.Build.0 = Release|Any CPU
		{4F1AF860-63EA-41B2-9C46-E0D10C6C5DAB}.Debug|Any CPU.ActiveCfg = Debug|Any CPU
		{4F1AF860-63EA-41B2-9C46-E0D10C6C5DAB}.Debug|Any CPU.Build.0 = Debug|Any CPU
		{4F1AF860-63EA-41B2-9C46-E0D10C6C5DAB}.Release|Any CPU.ActiveCfg = Release|Any CPU
		{4F1AF860-63EA-41B2-9C46-E0D10C6C5DAB}.Release|Any CPU.Build.0 = Release|Any CPU
	EndGlobalSection
	GlobalSection(SolutionProperties) = preSolution
		HideSolutionNode = FALSE
	EndGlobalSection
	GlobalSection(NestedProjects) = preSolution
		{4F1AF860-63EA-41B2-9C46-E0D10C6C5DAB} = {35BA812E-8247-4BD5-AC2D-FF3230DCFE2D}
	EndGlobalSection
	GlobalSection(ExtensibilityGlobals) = postSolution
		SolutionGuid = {AA70201B-7491-4588-AABA-861AFBDE4130}
	EndGlobalSection
EndGlobal
